github.com/Danval-003/LexicalAnalyzer-LL1-SRL-Scanner/backend/utils v0.0.0-20240603215006-ee11545af991 h1:Tz5lsN79Rqd26un9bhjTe7fGlAV0QedcUy2mst6j6xE=
github.com/Danval-003/LexicalAnalyzer-LL1-SRL-Scanner/backend/utils v0.0.0-20240603215006-ee11545af991/go.mod h1:7fPWSNQq2atDWkyvkwPj/UbO+LudFMNlMvxCTjmPPG4=
github.com/Danval-003/LexicalAnalyzer-LL1-SRL-Scanner/backend/regex v0.0.0-20240603215006-ee11545af991 h1:9s6p2yZy2X7W9DwZ4O4v3Hr6qyW2n4v7z1k4F0vJ9K4=
github.com/Danval-003/LexicalAnalyzer-LL1-SRL-Scanner/backend/regex v0.0.0-20240603215006-ee11545af991/go.mod h1:7fPWSNQq2atDWkyvkwPj/UbO+LudFMNlMvxCTjmPPG4=

