github.com/Danval-003/LexicalAnalyzer-LL1-SRL-Scanner/backend/src/regex v0.0.0-20240603225557-cb01687d4b5b h1:sSU+ITX5/wmZ90uCBlYBa0Yb889wSm1VkAPzTSrUd6g=
github.com/Danval-003/LexicalAnalyzer-LL1-SRL-Scanner/backend/src/regex v0.0.0-20240603225557-cb01687d4b5b/go.mod h1:kvtfE+vC//UL/IcntzyIFF9dcvK+XImMzUMZNAHq5L0=
github.com/Danval-003/LexicalAnalyzer-LL1-SRL-Scanner/backend/src/regex/regexFormated v0.0.0-20240603225557-cb01687d4b5b h1:h3JpnxAX61UZzPLrWlig2cOZv7Xt26Tji9maxdMypzc=
github.com/Danval-003/LexicalAnalyzer-LL1-SRL-Scanner/backend/src/regex/regexFormated v0.0.0-20240603225557-cb01687d4b5b/go.mod h1:mKyg0JsUTqmMRoGuC07Sr7mnyDZqHDj/sz0pO/Qvfgo=
