github.com/Danval-003/LexicalAnalyzer-LL1-SRL-Scanner/backend/src/regex v0.0.0-20240603223635-2f3178796a93 h1:WjAago8Dhq9oBMDjr8lYaqdvngsW4dhpQt7+dg6xYxU=
github.com/Danval-003/LexicalAnalyzer-LL1-SRL-Scanner/backend/src/regex v0.0.0-20240603223635-2f3178796a93/go.mod h1:Q1Ap6PgTxlb8fn34T2/toQgJmSWcTLI+U4ch4L/Jhtk=
github.com/Danval-003/LexicalAnalyzer-LL1-SRL-Scanner/backend/src/regex/regexFormated v0.0.0-20240603223635-2f3178796a93 h1:fxKBCEeWkX7LkO6nBKIC61aYCIlQ/ml8ScA45kM91R8=
github.com/Danval-003/LexicalAnalyzer-LL1-SRL-Scanner/backend/src/regex/regexFormated v0.0.0-20240603223635-2f3178796a93/go.mod h1:mKyg0JsUTqmMRoGuC07Sr7mnyDZqHDj/sz0pO/Qvfgo=
