github.com/Danval-003/LexicalAnalyzer-LL1-SRL-Scanner/backend/src/regex/regexFormated v0.0.0-20240605041251-05e82649caec h1:FLzMBOIX2G7qnd96w+ShPjKmZkqsK+nIILbx3UD8b7w=
github.com/Danval-003/LexicalAnalyzer-LL1-SRL-Scanner/backend/src/regex/regexFormated v0.0.0-20240605041251-05e82649caec/go.mod h1:mKyg0JsUTqmMRoGuC07Sr7mnyDZqHDj/sz0pO/Qvfgo=
