github.com/Danval-003/LexicalAnalyzer-LL1-SRL-Scanner/backend/src/regex v0.0.0-20240604053146-9bbf376141b8 h1:0yU8iWcJYUrGFRONzNOSFcKZjLpwfPdUHbNHpfKRs/8=
github.com/Danval-003/LexicalAnalyzer-LL1-SRL-Scanner/backend/src/regex v0.0.0-20240604053146-9bbf376141b8/go.mod h1:q4AXuvW9I7MF6wncVGnBh1onTOYgZFzHh/PLTOkB6pk=
github.com/Danval-003/LexicalAnalyzer-LL1-SRL-Scanner/backend/src/regex/regexFormated v0.0.0-20240604055423-b6a43e28668d h1:3Yh47IOHvQM6BURnluYVXXx5C7GVdDaKfka5Lt/FbGg=
github.com/Danval-003/LexicalAnalyzer-LL1-SRL-Scanner/backend/src/regex/regexFormated v0.0.0-20240604055423-b6a43e28668d/go.mod h1:mKyg0JsUTqmMRoGuC07Sr7mnyDZqHDj/sz0pO/Qvfgo=
github.com/Danval-003/LexicalAnalyzer-LL1-SRL-Scanner/backend/src/tree v0.0.0-20240604055423-b6a43e28668d h1:wPYOe6njYTxKRjvfG6rNRQtkBf56EVaYhtj+78nklSE=
github.com/Danval-003/LexicalAnalyzer-LL1-SRL-Scanner/backend/src/tree v0.0.0-20240604055423-b6a43e28668d/go.mod h1:fK6jmNQYTXKaWWIAqjBXdC6oMK+OLT61HyV5YwQNoq4=
github.com/awalterschulze/gographviz v2.0.3+incompatible h1:9sVEXJBJLwGX7EQVhLm2elIKCm7P2YHFC8v6096G09E=
github.com/awalterschulze/gographviz v2.0.3+incompatible/go.mod h1:GEV5wmg4YquNw7v1kkyoX9etIk8yVmXj+AkDHuuETHs=
