github.com/Danval-003/LexicalAnalyzer-LL1-SRL-Scanner/backend/src/afd v0.0.0-20240605025748-14f1f9c446d1 h1:rYlvkt8gBy35Y44iXRLk/BHmpluPDkNJ9plNMZHYYbU=
github.com/Danval-003/LexicalAnalyzer-LL1-SRL-Scanner/backend/src/afd v0.0.0-20240605025748-14f1f9c446d1/go.mod h1:n39E+3DYv0ZCFv1mMz9i5tquJ1kTFy1ZzyXFY7lhE3w=
github.com/Danval-003/LexicalAnalyzer-LL1-SRL-Scanner/backend/src/regex v0.0.0-20240605025748-14f1f9c446d1 h1:oqEjcw+RXMcxWFpwvNmEmcdQ32ZWkW4aewu99WnZryg=
github.com/Danval-003/LexicalAnalyzer-LL1-SRL-Scanner/backend/src/regex v0.0.0-20240605025748-14f1f9c446d1/go.mod h1:q4AXuvW9I7MF6wncVGnBh1onTOYgZFzHh/PLTOkB6pk=
github.com/Danval-003/LexicalAnalyzer-LL1-SRL-Scanner/backend/src/regex/regexFormated v0.0.0-20240605025748-14f1f9c446d1 h1:52braB37mj+cfrHz0eoicZ/emh0/d1J2e1NBrsNsHeY=
github.com/Danval-003/LexicalAnalyzer-LL1-SRL-Scanner/backend/src/regex/regexFormated v0.0.0-20240605025748-14f1f9c446d1/go.mod h1:mKyg0JsUTqmMRoGuC07Sr7mnyDZqHDj/sz0pO/Qvfgo=
github.com/Danval-003/LexicalAnalyzer-LL1-SRL-Scanner/backend/src/tree v0.0.0-20240605025748-14f1f9c446d1 h1:oCgD57RUzXzCweXDN/+8qI69ZMTrYzfE/eAKpU9qJNY=
github.com/Danval-003/LexicalAnalyzer-LL1-SRL-Scanner/backend/src/tree v0.0.0-20240605025748-14f1f9c446d1/go.mod h1:BqzOVs2u5zUE0hE2olEQdM97b5ju3PShvuxr4iBgYdc=
github.com/awalterschulze/gographviz v2.0.3+incompatible h1:9sVEXJBJLwGX7EQVhLm2elIKCm7P2YHFC8v6096G09E=
github.com/awalterschulze/gographviz v2.0.3+incompatible/go.mod h1:GEV5wmg4YquNw7v1kkyoX9etIk8yVmXj+AkDHuuETHs=
